
Microsoft Visual Studio Solution File, Format Version 12.00
# Visual Studio Version 16
VisualStudioVersion = 16.0.31321.278
MinimumVisualStudioVersion = 10.0.40219.1
Project("{9A19103F-16F7-4668-BE54-9A1E7A4F7556}") = "EQM-GQE.API", "EQM-GQE.API\EQM-GQE.API.csproj", "{CAF566E4-3003-4092-977C-0BC7EA445073}"
EndProject
Project("{9A19103F-16F7-4668-BE54-9A1E7A4F7556}") = "EQM-GQE.DATA", "EQM-GQE.DATA\EQM-GQE.DATA.csproj", "{9EE5B362-836E-40BA-B64D-F3F1CC73A9F7}"
EndProject
Project("{9A19103F-16F7-4668-BE54-9A1E7A4F7556}") = "EQM-GQE.LOGICAL", "EQM-GQE.LOGICAL\EQM-GQE.LOGICAL.csproj", "{C31C3354-2BF9-437C-8288-DDDE1269A18E}"
EndProject
Project("{9A19103F-16F7-4668-BE54-9A1E7A4F7556}") = "EQM-GQE.TESTING", "EQM-GQE.TESTING\EQM-GQE.TESTING.csproj", "{600C9408-5022-4FCD-946E-37A99EA70B4E}"
EndProject
Project("{FAE04EC0-301F-11D3-BF4B-00C04F79EFBC}") = "EQM-GQE.SHARED-RESOURCES", "EQM-GQE.SHARED-RESOURCES\EQM-GQE.SHARED-RESOURCES.csproj", "{1F94481A-E879-48E2-A50C-7FD6334BA782}"
EndProject
Project("{FAE04EC0-301F-11D3-BF4B-00C04F79EFBC}") = "EQM-GQE.WEB", "EQM-GQE.WEB\EQM-GQE.WEB.csproj", "{72166469-3D75-4727-8804-033C4A6D6433}"
EndProject
Project("{FAE04EC0-301F-11D3-BF4B-00C04F79EFBC}") = "EQM-GQE.HttpClient", "EQM-GQE.HttpClient\EQM-GQE.HttpClient.csproj", "{1B27FA1A-2E46-40C4-B7AC-F38C09648076}"
EndProject
Global
	GlobalSection(SolutionConfigurationPlatforms) = preSolution
		Debug|Any CPU = Debug|Any CPU
		Release|Any CPU = Release|Any CPU
	EndGlobalSection
	GlobalSection(ProjectConfigurationPlatforms) = postSolution
		{CAF566E4-3003-4092-977C-0BC7EA445073}.Debug|Any CPU.ActiveCfg = Debug|Any CPU
		{CAF566E4-3003-4092-977C-0BC7EA445073}.Debug|Any CPU.Build.0 = Debug|Any CPU
		{CAF566E4-3003-4092-977C-0BC7EA445073}.Release|Any CPU.ActiveCfg = Release|Any CPU
		{CAF566E4-3003-4092-977C-0BC7EA445073}.Release|Any CPU.Build.0 = Release|Any CPU
		{9EE5B362-836E-40BA-B64D-F3F1CC73A9F7}.Debug|Any CPU.ActiveCfg = Debug|Any CPU
		{9EE5B362-836E-40BA-B64D-F3F1CC73A9F7}.Debug|Any CPU.Build.0 = Debug|Any CPU
		{9EE5B362-836E-40BA-B64D-F3F1CC73A9F7}.Release|Any CPU.ActiveCfg = Release|Any CPU
		{9EE5B362-836E-40BA-B64D-F3F1CC73A9F7}.Release|Any CPU.Build.0 = Release|Any CPU
		{C31C3354-2BF9-437C-8288-DDDE1269A18E}.Debug|Any CPU.ActiveCfg = Debug|Any CPU
		{C31C3354-2BF9-437C-8288-DDDE1269A18E}.Debug|Any CPU.Build.0 = Debug|Any CPU
		{C31C3354-2BF9-437C-8288-DDDE1269A18E}.Release|Any CPU.ActiveCfg = Release|Any CPU
		{C31C3354-2BF9-437C-8288-DDDE1269A18E}.Release|Any CPU.Build.0 = Release|Any CPU
		{600C9408-5022-4FCD-946E-37A99EA70B4E}.Debug|Any CPU.ActiveCfg = Debug|Any CPU
		{600C9408-5022-4FCD-946E-37A99EA70B4E}.Debug|Any CPU.Build.0 = Debug|Any CPU
		{600C9408-5022-4FCD-946E-37A99EA70B4E}.Release|Any CPU.ActiveCfg = Release|Any CPU
		{600C9408-5022-4FCD-946E-37A99EA70B4E}.Release|Any CPU.Build.0 = Release|Any CPU
		{1F94481A-E879-48E2-A50C-7FD6334BA782}.Debug|Any CPU.ActiveCfg = Debug|Any CPU
		{1F94481A-E879-48E2-A50C-7FD6334BA782}.Debug|Any CPU.Build.0 = Debug|Any CPU
		{1F94481A-E879-48E2-A50C-7FD6334BA782}.Release|Any CPU.ActiveCfg = Release|Any CPU
		{1F94481A-E879-48E2-A50C-7FD6334BA782}.Release|Any CPU.Build.0 = Release|Any CPU
		{72166469-3D75-4727-8804-033C4A6D6433}.Debug|Any CPU.ActiveCfg = Debug|Any CPU
		{72166469-3D75-4727-8804-033C4A6D6433}.Debug|Any CPU.Build.0 = Debug|Any CPU
		{72166469-3D75-4727-8804-033C4A6D6433}.Release|Any CPU.ActiveCfg = Release|Any CPU
		{72166469-3D75-4727-8804-033C4A6D6433}.Release|Any CPU.Build.0 = Release|Any CPU
		{1B27FA1A-2E46-40C4-B7AC-F38C09648076}.Debug|Any CPU.ActiveCfg = Debug|Any CPU
		{1B27FA1A-2E46-40C4-B7AC-F38C09648076}.Debug|Any CPU.Build.0 = Debug|Any CPU
		{1B27FA1A-2E46-40C4-B7AC-F38C09648076}.Release|Any CPU.ActiveCfg = Release|Any CPU
		{1B27FA1A-2E46-40C4-B7AC-F38C09648076}.Release|Any CPU.Build.0 = Release|Any CPU
	EndGlobalSection
	GlobalSection(SolutionProperties) = preSolution
		HideSolutionNode = FALSE
	EndGlobalSection
	GlobalSection(ExtensibilityGlobals) = postSolution
		SolutionGuid = {ABEAF7A4-16B9-4EF3-9EB5-543F8BEAE2C4}
	EndGlobalSection
EndGlobal
